// !$*UTF8*$!
{
	archiveVersion = 1;
	classes = {
	};
	objectVersion = 50;
	objects = {

/* Begin PBXBuildFile section */
		54510A4A25DD04DD00166FD0 /* AppDelegate.swift in Sources */ = {isa = PBXBuildFile; fileRef = 54510A4925DD04DD00166FD0 /* AppDelegate.swift */; };
		54510A4C25DD04DD00166FD0 /* SceneDelegate.swift in Sources */ = {isa = PBXBuildFile; fileRef = 54510A4B25DD04DD00166FD0 /* SceneDelegate.swift */; };
		54510A4E25DD04DD00166FD0 /* ViewController.swift in Sources */ = {isa = PBXBuildFile; fileRef = 54510A4D25DD04DD00166FD0 /* ViewController.swift */; };
		54510A5125DD04DD00166FD0 /* Main.storyboard in Resources */ = {isa = PBXBuildFile; fileRef = 54510A4F25DD04DD00166FD0 /* Main.storyboard */; };
		54510A5325DD04E000166FD0 /* Assets.xcassets in Resources */ = {isa = PBXBuildFile; fileRef = 54510A5225DD04E000166FD0 /* Assets.xcassets */; };
		54510A5625DD04E000166FD0 /* LaunchScreen.storyboard in Resources */ = {isa = PBXBuildFile; fileRef = 54510A5425DD04E000166FD0 /* LaunchScreen.storyboard */; };
/* End PBXBuildFile section */

/* Begin PBXFileReference section */
		54510A4625DD04DD00166FD0 /* Instegram-followers.app */ = {isa = PBXFileReference; explicitFileType = wrapper.application; includeInIndex = 0; path = "Instegram-followers.app"; sourceTree = BUILT_PRODUCTS_DIR; };
		54510A4925DD04DD00166FD0 /* AppDelegate.swift */ = {isa = PBXFileReference; lastKnownFileType = sourcecode.swift; path = AppDelegate.swift; sourceTree = "<group>"; };
		54510A4B25DD04DD00166FD0 /* SceneDelegate.swift */ = {isa = PBXFileReference; lastKnownFileType = sourcecode.swift; path = SceneDelegate.swift; sourceTree = "<group>"; };
		54510A4D25DD04DD00166FD0 /* ViewController.swift */ = {isa = PBXFileReference; lastKnownFileType = sourcecode.swift; path = ViewController.swift; sourceTree = "<group>"; };
		54510A5025DD04DD00166FD0 /* Base */ = {isa = PBXFileReference; lastKnownFileType = file.storyboard; name = Base; path = Base.lproj/Main.storyboard; sourceTree = "<group>"; };
		54510A5225DD04E000166FD0 /* Assets.xcassets */ = {isa = PBXFileReference; lastKnownFileType = folder.assetcatalog; path = Assets.xcassets; sourceTree = "<group>"; };
		54510A5525DD04E000166FD0 /* Base */ = {isa = PBXFileReference; lastKnownFileType = file.storyboard; name = Base; path = Base.lproj/LaunchScreen.storyboard; sourceTree = "<group>"; };
		54510A5725DD04E000166FD0 /* Info.plist */ = {isa = PBXFileReference; lastKnownFileType = text.plist.xml; path = Info.plist; sourceTree = "<group>"; };
/* End PBXFileReference section */

/* Begin PBXFrameworksBuildPhase section */
		54510A4325DD04DD00166FD0 /* Frameworks */ = {
			isa = PBXFrameworksBuildPhase;
			buildActionMask = 2147483647;
			files = (
			);
			runOnlyForDeploymentPostprocessing = 0;
		};
/* End PBXFrameworksBuildPhase section */

/* Begin PBXGroup section */
		54510A3D25DD04DC00166FD0 = {
			isa = PBXGroup;
			children = (
				54510A4825DD04DD00166FD0 /* Instegram-followers */,
				54510A4725DD04DD00166FD0 /* Products */,
			);
			sourceTree = "<group>";
		};
		54510A4725DD04DD00166FD0 /* Products */ = {
			isa = PBXGroup;
			children = (
				54510A4625DD04DD00166FD0 /* Instegram-followers.app */,
			);
			name = Products;
			sourceTree = "<group>";
		};
		54510A4825DD04DD00166FD0 /* Instegram-followers */ = {
			isa = PBXGroup;
			children = (
				54510A4925DD04DD00166FD0 /* AppDelegate.swift */,
				54510A4B25DD04DD00166FD0 /* SceneDelegate.swift */,
				54510A4D25DD04DD00166FD0 /* ViewController.swift */,
				54510A4F25DD04DD00166FD0 /* Main.storyboard */,
				54510A5225DD04E000166FD0 /* Assets.xcassets */,
				54510A5425DD04E000166FD0 /* LaunchScreen.storyboard */,
				54510A5725DD04E000166FD0 /* Info.plist */,
			);
			path = "Instegram-followers";
			sourceTree = "<group>";
		};
/* End PBXGroup section */

/* Begin PBXNativeTarget section */
		54510A4525DD04DD00166FD0 /* Instegram-followers */ = {
			isa = PBXNativeTarget;
			buildConfigurationList = 54510A5A25DD04E000166FD0 /* Build configuration list for PBXNativeTarget "Instegram-followers" */;
			buildPhases = (
				54510A4225DD04DD00166FD0 /* Sources */,
				54510A4325DD04DD00166FD0 /* Frameworks */,
				54510A4425DD04DD00166FD0 /* Resources */,
			);
			buildRules = (
			);
			dependencies = (
			);
			name = "Instegram-followers";
			productName = "Instegram-followers";
			productReference = 54510A4625DD04DD00166FD0 /* Instegram-followers.app */;
			productType = "com.apple.product-type.application";
		};
/* End PBXNativeTarget section */

/* Begin PBXProject section */
		54510A3E25DD04DD00166FD0 /* Project object */ = {
			isa = PBXProject;
			attributes = {
				LastSwiftUpdateCheck = 1240;
				LastUpgradeCheck = 1240;
				TargetAttributes = {
					54510A4525DD04DD00166FD0 = {
						CreatedOnToolsVersion = 12.4;
					};
				};
			};
			buildConfigurationList = 54510A4125DD04DD00166FD0 /* Build configuration list for PBXProject "Instegram-followers" */;
			compatibilityVersion = "Xcode 9.3";
			developmentRegion = en;
			hasScannedForEncodings = 0;
			knownRegions = (
				en,
				Base,
			);
			mainGroup = 54510A3D25DD04DC00166FD0;
			productRefGroup = 54510A4725DD04DD00166FD0 /* Products */;
			projectDirPath = "";
			projectRoot = "";
			targets = (
				54510A4525DD04DD00166FD0 /* Instegram-followers */,
			);
		};
/* End PBXProject section */

/* Begin PBXResourcesBuildPhase section */
		54510A4425DD04DD00166FD0 /* Resources */ = {
			isa = PBXResourcesBuildPhase;
			buildActionMask = 2147483647;
			files = (
				54510A5625DD04E000166FD0 /* LaunchScreen.storyboard in Resources */,
				54510A5325DD04E000166FD0 /* Assets.xcassets in Resources */,
				54510A5125DD04DD00166FD0 /* Main.storyboard in Resources */,
			);
			runOnlyForDeploymentPostprocessing = 0;
		};
/* End PBXResourcesBuildPhase section */

/* Begin PBXSourcesBuildPhase section */
		54510A4225DD04DD00166FD0 /* Sources */ = {
			isa = PBXSourcesBuildPhase;
			buildActionMask = 2147483647;
			files = (
				54510A4E25DD04DD00166FD0 /* ViewController.swift in Sources */,
				54510A4A25DD04DD00166FD0 /* AppDelegate.swift in Sources */,
				54510A4C25DD04DD00166FD0 /* SceneDelegate.swift in Sources */,
			);
			runOnlyForDeploymentPostprocessing = 0;
		};
/* End PBXSourcesBuildPhase section */

/* Begin PBXVariantGroup section */
		54510A4F25DD04DD00166FD0 /* Main.storyboard */ = {
			isa = PBXVariantGroup;
			children = (
				54510A5025DD04DD00166FD0 /* Base */,
			);
			name = Main.storyboard;
			sourceTree = "<group>";
		};
		54510A5425DD04E000166FD0 /* LaunchScreen.storyboard */ = {
			isa = PBXVariantGroup;
			children = (
				54510A5525DD04E000166FD0 /* Base */,
			);
			name = LaunchScreen.storyboard;
			sourceTree = "<group>";
		};
/* End PBXVariantGroup section */

/* Begin XCBuildConfiguration section */
		54510A5825DD04E000166FD0 /* Debug */ = {
			isa = XCBuildConfiguration;
			buildSettings = {
				ALWAYS_SEARCH_USER_PATHS = NO;
				CLANG_ANALYZER_NONNULL = YES;
				CLANG_ANALYZER_NUMBER_OBJECT_CONVERSION = YES_AGGRESSIVE;
				CLANG_CXX_LANGUAGE_STANDARD = "gnu++14";
				CLANG_CXX_LIBRARY = "libc++";
				CLANG_ENABLE_MODULES = YES;
				CLANG_ENABLE_OBJC_ARC = YES;
				CLANG_ENABLE_OBJC_WEAK = YES;
				CLANG_WARN_BLOCK_CAPTURE_AUTORELEASING = YES;
				CLANG_WARN_BOOL_CONVERSION = YES;
				CLANG_WARN_COMMA = YES;
				CLANG_WARN_CONSTANT_CONVERSION = YES;
				CLANG_WARN_DEPRECATED_OBJC_IMPLEMENTATIONS = YES;
				CLANG_WARN_DIRECT_OBJC_ISA_USAGE = YES_ERROR;
				CLANG_WARN_DOCUMENTATION_COMMENTS = YES;
				CLANG_WARN_EMPTY_BODY = YES;
				CLANG_WARN_ENUM_CONVERSION = YES;
				CLANG_WARN_INFINITE_RECURSION = YES;
				CLANG_WARN_INT_CONVERSION = YES;
				CLANG_WARN_NON_LITERAL_NULL_CONVERSION = YES;
				CLANG_WARN_OBJC_IMPLICIT_RETAIN_SELF = YES;
				CLANG_WARN_OBJC_LITERAL_CONVERSION = YES;
				CLANG_WARN_OBJC_ROOT_CLASS = YES_ERROR;
				CLANG_WARN_QUOTED_INCLUDE_IN_FRAMEWORK_HEADER = YES;
				CLANG_WARN_RANGE_LOOP_ANALYSIS = YES;
				CLANG_WARN_STRICT_PROTOTYPES = YES;
				CLANG_WARN_SUSPICIOUS_MOVE = YES;
				CLANG_WARN_UNGUARDED_AVAILABILITY = YES_AGGRESSIVE;
				CLANG_WARN_UNREACHABLE_CODE = YES;
				CLANG_WARN__DUPLICATE_METHOD_MATCH = YES;
				COPY_PHASE_STRIP = NO;
				DEBUG_INFORMATION_FORMAT = dwarf;
				ENABLE_STRICT_OBJC_MSGSEND = YES;
				ENABLE_TESTABILITY = YES;
				GCC_C_LANGUAGE_STANDARD = gnu11;
				GCC_DYNAMIC_NO_PIC = NO;
				GCC_NO_COMMON_BLOCKS = YES;
				GCC_OPTIMIZATION_LEVEL = 0;
				GCC_PREPROCESSOR_DEFINITIONS = (
					"DEBUG=1",
					"$(inherited)",
				);
				GCC_WARN_64_TO_32_BIT_CONVERSION = YES;
				GCC_WARN_ABOUT_RETURN_TYPE = YES_ERROR;
				GCC_WARN_UNDECLARED_SELECTOR = YES;
				GCC_WARN_UNINITIALIZED_AUTOS = YES_AGGRESSIVE;
				GCC_WARN_UNUSED_FUNCTION = YES;
				GCC_WARN_UNUSED_VARIABLE = YES;
				IPHONEOS_DEPLOYMENT_TARGET = 14.4;
				MTL_ENABLE_DEBUG_INFO = INCLUDE_SOURCE;
				MTL_FAST_MATH = YES;
				ONLY_ACTIVE_ARCH = YES;
				SDKROOT = iphoneos;
				SWIFT_ACTIVE_COMPILATION_CONDITIONS = DEBUG;
				SWIFT_OPTIMIZATION_LEVEL = "-Onone";
			};
			name = Debug;
		};
		54510A5925DD04E000166FD0 /* Release */ = {
			isa = XCBuildConfiguration;
			buildSettings = {
				ALWAYS_SEARCH_USER_PATHS = NO;
				CLANG_ANALYZER_NONNULL = YES;
				CLANG_ANALYZER_NUMBER_OBJECT_CONVERSION = YES_AGGRESSIVE;
				CLANG_CXX_LANGUAGE_STANDARD = "gnu++14";
				CLANG_CXX_LIBRARY = "libc++";
				CLANG_ENABLE_MODULES = YES;
				CLANG_ENABLE_OBJC_ARC = YES;
				CLANG_ENABLE_OBJC_WEAK = YES;
				CLANG_WARN_BLOCK_CAPTURE_AUTORELEASING = YES;
				CLANG_WARN_BOOL_CONVERSION = YES;
				CLANG_WARN_COMMA = YES;
				CLANG_WARN_CONSTANT_CONVERSION = YES;
				CLANG_WARN_DEPRECATED_OBJC_IMPLEMENTATIONS = YES;
				CLANG_WARN_DIRECT_OBJC_ISA_USAGE = YES_ERROR;
				CLANG_WARN_DOCUMENTATION_COMMENTS = YES;
				CLANG_WARN_EMPTY_BODY = YES;
				CLANG_WARN_ENUM_CONVERSION = YES;
				CLANG_WARN_INFINITE_RECURSION = YES;
				CLANG_WARN_INT_CONVERSION = YES;
				CLANG_WARN_NON_LITERAL_NULL_CONVERSION = YES;
				CLANG_WARN_OBJC_IMPLICIT_RETAIN_SELF = YES;
				CLANG_WARN_OBJC_LITERAL_CONVERSION = YES;
				CLANG_WARN_OBJC_ROOT_CLASS = YES_ERROR;
				CLANG_WARN_QUOTED_INCLUDE_IN_FRAMEWORK_HEADER = YES;
				CLANG_WARN_RANGE_LOOP_ANALYSIS = YES;
				CLANG_WARN_STRICT_PROTOTYPES = YES;
				CLANG_WARN_SUSPICIOUS_MOVE = YES;
				CLANG_WARN_UNGUARDED_AVAILABILITY = YES_AGGRESSIVE;
				CLANG_WARN_UNREACHABLE_CODE = YES;
				CLANG_WARN__DUPLICATE_METHOD_MATCH = YES;
				COPY_PHASE_STRIP = NO;
				DEBUG_INFORMATION_FORMAT = "dwarf-with-dsym";
				ENABLE_NS_ASSERTIONS = NO;
				ENABLE_STRICT_OBJC_MSGSEND = YES;
				GCC_C_LANGUAGE_STANDARD = gnu11;
				GCC_NO_COMMON_BLOCKS = YES;
				GCC_WARN_64_TO_32_BIT_CONVERSION = YES;
				GCC_WARN_ABOUT_RETURN_TYPE = YES_ERROR;
				GCC_WARN_UNDECLARED_SELECTOR = YES;
				GCC_WARN_UNINITIALIZED_AUTOS = YES_AGGRESSIVE;
				GCC_WARN_UNUSED_FUNCTION = YES;
				GCC_WARN_UNUSED_VARIABLE = YES;
				IPHONEOS_DEPLOYMENT_TARGET = 14.4;
				MTL_ENABLE_DEBUG_INFO = NO;
				MTL_FAST_MATH = YES;
				SDKROOT = iphoneos;
				SWIFT_COMPILATION_MODE = wholemodule;
				SWIFT_OPTIMIZATION_LEVEL = "-O";
				VALIDATE_PRODUCT = YES;
			};
			name = Release;
		};
		54510A5B25DD04E000166FD0 /* Debug */ = {
			isa = XCBuildConfiguration;
			buildSettings = {
				ASSETCATALOG_COMPILER_APPICON_NAME = AppIcon;
				ASSETCATALOG_COMPILER_GLOBAL_ACCENT_COLOR_NAME = AccentColor;
				CODE_SIGN_STYLE = Automatic;
				DEVELOPMENT_TEAM = 4L2MSKX5Q6;
				INFOPLIST_FILE = "Instegram-followers/Info.plist";
				LD_RUNPATH_SEARCH_PATHS = (
					"$(inherited)",
					"@executable_path/Frameworks",
				);
				PRODUCT_BUNDLE_IDENTIFIER = "com.mdo.ios.Instegram-followers";
				PRODUCT_NAME = "$(TARGET_NAME)";
				SWIFT_VERSION = 5.0;
				TARGETED_DEVICE_FAMILY = "1,2";
			};
			name = Debug;
		};
		54510A5C25DD04E000166FD0 /* Release */ = {
			isa = XCBuildConfiguration;
			buildSettings = {
				ASSETCATALOG_COMPILER_APPICON_NAME = AppIcon;
				ASSETCATALOG_COMPILER_GLOBAL_ACCENT_COLOR_NAME = AccentColor;
				CODE_SIGN_STYLE = Automatic;
				DEVELOPMENT_TEAM = 4L2MSKX5Q6;
				INFOPLIST_FILE = "Instegram-followers/Info.plist";
				LD_RUNPATH_SEARCH_PATHS = (
					"$(inherited)",
					"@executable_path/Frameworks",
				);
				PRODUCT_BUNDLE_IDENTIFIER = "com.mdo.ios.Instegram-followers";
				PRODUCT_NAME = "$(TARGET_NAME)";
				SWIFT_VERSION = 5.0;
				TARGETED_DEVICE_FAMILY = "1,2";
			};
			name = Release;
		};
/* End XCBuildConfiguration section */

/* Begin XCConfigurationList section */
		54510A4125DD04DD00166FD0 /* Build configuration list for PBXProject "Instegram-followers" */ = {
			isa = XCConfigurationList;
			buildConfigurations = (
				54510A5825DD04E000166FD0 /* Debug */,
				54510A5925DD04E000166FD0 /* Release */,
			);
			defaultConfigurationIsVisible = 0;
			defaultConfigurationName = Release;
		};
		54510A5A25DD04E000166FD0 /* Build configuration list for PBXNativeTarget "Instegram-followers" */ = {
			isa = XCConfigurationList;
			buildConfigurations = (
				54510A5B25DD04E000166FD0 /* Debug */,
				54510A5C25DD04E000166FD0 /* Release */,
			);
			defaultConfigurationIsVisible = 0;
			defaultConfigurationName = Release;
		};
/* End XCConfigurationList section */
	};
	rootObject = 54510A3E25DD04DD00166FD0 /* Project object */;
}
